
Microsoft Visual Studio Solution File, Format Version 12.00
# Visual Studio 2012
Project("{FAE04EC0-301F-11D3-BF4B-00C04F79EFBC}") = "LOB.Business", "LOB.Business\LOB.Business.csproj", "{8F4789D3-FE04-4B95-A20C-38F28AE900B8}"
EndProject
Project("{2150E333-8FDC-42A3-9474-1A3956D46DE8}") = "UI", "UI", "{6B9B4559-9FA7-431F-8E9D-51F9C8A5D314}"
EndProject
Project("{2150E333-8FDC-42A3-9474-1A3956D46DE8}") = "src", "src", "{B6EE79D2-9A85-47B1-8FAA-37F26295F81C}"
EndProject
Project("{2150E333-8FDC-42A3-9474-1A3956D46DE8}") = "Business", "Business", "{E8895489-278B-4F26-816D-1915A99C69D8}"
EndProject
Project("{2150E333-8FDC-42A3-9474-1A3956D46DE8}") = ".nuget", ".nuget", "{C7C4992A-14B5-41D3-B22D-5CA93D873F14}"
	ProjectSection(SolutionItems) = preProject
		.nuget\NuGet.Config = .nuget\NuGet.Config
		.nuget\NuGet.exe = .nuget\NuGet.exe
		.nuget\NuGet.targets = .nuget\NuGet.targets
	EndProjectSection
EndProject
Project("{FAE04EC0-301F-11D3-BF4B-00C04F79EFBC}") = "LOB.Domain", "LOB.Domain\LOB.Domain.csproj", "{FF16079B-FE5D-41CA-A195-5F956CCEC1C8}"
EndProject
Project("{FAE04EC0-301F-11D3-BF4B-00C04F79EFBC}") = "LOB.Core", "LOB.Core\LOB.Core.csproj", "{79FB165F-3816-4A5F-B5A1-B5A64BED0218}"
EndProject
Project("{FAE04EC0-301F-11D3-BF4B-00C04F79EFBC}") = "LOB.UI.Core", "LOB.UI.Core\LOB.UI.Core.csproj", "{8FBD60E2-7E77-41DB-BAC2-6883A4209EA3}"
EndProject
Project("{FAE04EC0-301F-11D3-BF4B-00C04F79EFBC}") = "LOB.Dao.Interface", "LOB.Dao.Interface\LOB.Dao.Interface.csproj", "{B275A849-EBA7-45D8-ABAD-A336F38153D9}"
EndProject
Project("{FAE04EC0-301F-11D3-BF4B-00C04F79EFBC}") = "LOB.Dao.Nhibernate", "LOB.Dao.Nhibernate\LOB.Dao.Nhibernate.csproj", "{C2E495A5-600D-4881-A1F7-2D8AB7E5367E}"
EndProject
Project("{FAE04EC0-301F-11D3-BF4B-00C04F79EFBC}") = "LOB.Business.Interface", "LOB.Business.Interface\LOB.Business.Interface.csproj", "{2C4999EC-85EC-49FB-8236-8CF74F71EC2F}"
EndProject
Project("{2150E333-8FDC-42A3-9474-1A3956D46DE8}") = "Log", "Log", "{C2ED6073-C1DC-4D8D-A9EB-7B4DA130E4ED}"
EndProject
Project("{2150E333-8FDC-42A3-9474-1A3956D46DE8}") = "DAO", "DAO", "{2C13863D-814F-4991-9139-519A437CEAAA}"
EndProject
Project("{2150E333-8FDC-42A3-9474-1A3956D46DE8}") = "Test", "Test", "{4465ED19-4084-4277-B0E1-4447A42990AB}"
EndProject
Project("{2150E333-8FDC-42A3-9474-1A3956D46DE8}") = "Test", "Test", "{637F7FE3-D594-4145-A24E-857AD97F326F}"
EndProject
Project("{2150E333-8FDC-42A3-9474-1A3956D46DE8}") = "Test", "Test", "{FFB141A2-45B1-47F9-8C81-52DF77FCAAE7}"
EndProject
Project("{FAE04EC0-301F-11D3-BF4B-00C04F79EFBC}") = "LOB.Business.Test", "LOB.Business.Test\LOB.Business.Test.csproj", "{819764C7-2185-4096-8677-66BEE2A1B788}"
EndProject
Project("{FAE04EC0-301F-11D3-BF4B-00C04F79EFBC}") = "LOB.Dao.Mock", "LOB.Dao.Mock\LOB.Dao.Mock.csproj", "{6049A0F1-C41F-4196-BC4C-B34BE95658FE}"
EndProject
Project("{FAE04EC0-301F-11D3-BF4B-00C04F79EFBC}") = "LOB.Dao.Nhibernate.Test", "LOB.Dao.Nhibernate.Test\LOB.Dao.Nhibernate.Test.csproj", "{63BBD8C9-0916-4563-BB05-BFC7359FF5B8}"
EndProject
Project("{FAE04EC0-301F-11D3-BF4B-00C04F79EFBC}") = "LOB.UI.Interface", "LOB.UI.Interface\LOB.UI.Interface.csproj", "{A231C91C-A4D3-4BE7-BA4E-EE7DFB3D7EEF}"
EndProject
Project("{FAE04EC0-301F-11D3-BF4B-00C04F79EFBC}") = "LOB.UI.Core.Test", "LOB.UI.Core.Test\LOB.UI.Core.Test.csproj", "{3CAE34E4-7C14-4191-8662-CE30B947D440}"
EndProject
Project("{FAE04EC0-301F-11D3-BF4B-00C04F79EFBC}") = "LOB.UI.Core.View", "LOB.UI.Core.View\LOB.UI.Core.View.csproj", "{B0968403-1F39-4128-B3F4-8D283D541071}"
EndProject
Project("{FAE04EC0-301F-11D3-BF4B-00C04F79EFBC}") = "LOB.Log", "LOB.Log\LOB.Log.csproj", "{905AA680-50A8-4267-9A7E-0BD1E45AAACA}"
EndProject
Project("{FAE04EC0-301F-11D3-BF4B-00C04F79EFBC}") = "LOB.Log.Interface", "LOB.Log.Interface\LOB.Log.Interface.csproj", "{5EE9ACB1-F25F-4A9D-AE79-517BE03E02D9}"
EndProject
Project("{FAE04EC0-301F-11D3-BF4B-00C04F79EFBC}") = "LOB.UI.Core.Resources", "LOB.UI.Core.Resources\LOB.UI.Core.Resources.csproj", "{22F1D5DE-172F-4BEA-8D4E-77B0C57A2A9C}"
EndProject
Project("{2150E333-8FDC-42A3-9474-1A3956D46DE8}") = "lib", "lib", "{51DB3737-D8D3-41A9-ABC1-3D1243C25FB2}"
EndProject
Global
	GlobalSection(SolutionConfigurationPlatforms) = preSolution
		Debug|Any CPU = Debug|Any CPU
		Debug|x86 = Debug|x86
		Release|Any CPU = Release|Any CPU
		Release|x86 = Release|x86
	EndGlobalSection
	GlobalSection(ProjectConfigurationPlatforms) = postSolution
		{8F4789D3-FE04-4B95-A20C-38F28AE900B8}.Debug|Any CPU.ActiveCfg = Debug|Any CPU
		{8F4789D3-FE04-4B95-A20C-38F28AE900B8}.Debug|Any CPU.Build.0 = Debug|Any CPU
		{8F4789D3-FE04-4B95-A20C-38F28AE900B8}.Debug|x86.ActiveCfg = Debug|Any CPU
		{8F4789D3-FE04-4B95-A20C-38F28AE900B8}.Release|Any CPU.ActiveCfg = Release|Any CPU
		{8F4789D3-FE04-4B95-A20C-38F28AE900B8}.Release|Any CPU.Build.0 = Release|Any CPU
		{8F4789D3-FE04-4B95-A20C-38F28AE900B8}.Release|x86.ActiveCfg = Release|Any CPU
		{FF16079B-FE5D-41CA-A195-5F956CCEC1C8}.Debug|Any CPU.ActiveCfg = Debug|Any CPU
		{FF16079B-FE5D-41CA-A195-5F956CCEC1C8}.Debug|Any CPU.Build.0 = Debug|Any CPU
		{FF16079B-FE5D-41CA-A195-5F956CCEC1C8}.Debug|x86.ActiveCfg = Debug|Any CPU
		{FF16079B-FE5D-41CA-A195-5F956CCEC1C8}.Release|Any CPU.ActiveCfg = Release|Any CPU
		{FF16079B-FE5D-41CA-A195-5F956CCEC1C8}.Release|Any CPU.Build.0 = Release|Any CPU
		{FF16079B-FE5D-41CA-A195-5F956CCEC1C8}.Release|x86.ActiveCfg = Release|Any CPU
		{79FB165F-3816-4A5F-B5A1-B5A64BED0218}.Debug|Any CPU.ActiveCfg = Debug|Any CPU
		{79FB165F-3816-4A5F-B5A1-B5A64BED0218}.Debug|Any CPU.Build.0 = Debug|Any CPU
		{79FB165F-3816-4A5F-B5A1-B5A64BED0218}.Debug|x86.ActiveCfg = Debug|Any CPU
		{79FB165F-3816-4A5F-B5A1-B5A64BED0218}.Release|Any CPU.ActiveCfg = Release|Any CPU
		{79FB165F-3816-4A5F-B5A1-B5A64BED0218}.Release|Any CPU.Build.0 = Release|Any CPU
		{79FB165F-3816-4A5F-B5A1-B5A64BED0218}.Release|x86.ActiveCfg = Release|Any CPU
		{8FBD60E2-7E77-41DB-BAC2-6883A4209EA3}.Debug|Any CPU.ActiveCfg = Debug|Any CPU
		{8FBD60E2-7E77-41DB-BAC2-6883A4209EA3}.Debug|Any CPU.Build.0 = Debug|Any CPU
		{8FBD60E2-7E77-41DB-BAC2-6883A4209EA3}.Debug|x86.ActiveCfg = Debug|Any CPU
		{8FBD60E2-7E77-41DB-BAC2-6883A4209EA3}.Release|Any CPU.ActiveCfg = Release|Any CPU
		{8FBD60E2-7E77-41DB-BAC2-6883A4209EA3}.Release|Any CPU.Build.0 = Release|Any CPU
		{8FBD60E2-7E77-41DB-BAC2-6883A4209EA3}.Release|x86.ActiveCfg = Release|Any CPU
		{B275A849-EBA7-45D8-ABAD-A336F38153D9}.Debug|Any CPU.ActiveCfg = Debug|Any CPU
		{B275A849-EBA7-45D8-ABAD-A336F38153D9}.Debug|Any CPU.Build.0 = Debug|Any CPU
		{B275A849-EBA7-45D8-ABAD-A336F38153D9}.Debug|x86.ActiveCfg = Debug|Any CPU
		{B275A849-EBA7-45D8-ABAD-A336F38153D9}.Release|Any CPU.ActiveCfg = Release|Any CPU
		{B275A849-EBA7-45D8-ABAD-A336F38153D9}.Release|Any CPU.Build.0 = Release|Any CPU
		{B275A849-EBA7-45D8-ABAD-A336F38153D9}.Release|x86.ActiveCfg = Release|Any CPU
		{C2E495A5-600D-4881-A1F7-2D8AB7E5367E}.Debug|Any CPU.ActiveCfg = Debug|Any CPU
		{C2E495A5-600D-4881-A1F7-2D8AB7E5367E}.Debug|Any CPU.Build.0 = Debug|Any CPU
		{C2E495A5-600D-4881-A1F7-2D8AB7E5367E}.Debug|x86.ActiveCfg = Debug|Any CPU
		{C2E495A5-600D-4881-A1F7-2D8AB7E5367E}.Release|Any CPU.ActiveCfg = Release|Any CPU
		{C2E495A5-600D-4881-A1F7-2D8AB7E5367E}.Release|Any CPU.Build.0 = Release|Any CPU
		{C2E495A5-600D-4881-A1F7-2D8AB7E5367E}.Release|x86.ActiveCfg = Release|Any CPU
		{2C4999EC-85EC-49FB-8236-8CF74F71EC2F}.Debug|Any CPU.ActiveCfg = Debug|Any CPU
		{2C4999EC-85EC-49FB-8236-8CF74F71EC2F}.Debug|Any CPU.Build.0 = Debug|Any CPU
		{2C4999EC-85EC-49FB-8236-8CF74F71EC2F}.Debug|x86.ActiveCfg = Debug|Any CPU
		{2C4999EC-85EC-49FB-8236-8CF74F71EC2F}.Release|Any CPU.ActiveCfg = Release|Any CPU
		{2C4999EC-85EC-49FB-8236-8CF74F71EC2F}.Release|Any CPU.Build.0 = Release|Any CPU
		{2C4999EC-85EC-49FB-8236-8CF74F71EC2F}.Release|x86.ActiveCfg = Release|Any CPU
		{819764C7-2185-4096-8677-66BEE2A1B788}.Debug|Any CPU.ActiveCfg = Debug|Any CPU
		{819764C7-2185-4096-8677-66BEE2A1B788}.Debug|Any CPU.Build.0 = Debug|Any CPU
		{819764C7-2185-4096-8677-66BEE2A1B788}.Debug|x86.ActiveCfg = Debug|Any CPU
		{819764C7-2185-4096-8677-66BEE2A1B788}.Release|Any CPU.ActiveCfg = Release|Any CPU
		{819764C7-2185-4096-8677-66BEE2A1B788}.Release|Any CPU.Build.0 = Release|Any CPU
		{819764C7-2185-4096-8677-66BEE2A1B788}.Release|x86.ActiveCfg = Release|Any CPU
		{6049A0F1-C41F-4196-BC4C-B34BE95658FE}.Debug|Any CPU.ActiveCfg = Debug|Any CPU
		{6049A0F1-C41F-4196-BC4C-B34BE95658FE}.Debug|Any CPU.Build.0 = Debug|Any CPU
		{6049A0F1-C41F-4196-BC4C-B34BE95658FE}.Debug|x86.ActiveCfg = Debug|Any CPU
		{6049A0F1-C41F-4196-BC4C-B34BE95658FE}.Release|Any CPU.ActiveCfg = Release|Any CPU
		{6049A0F1-C41F-4196-BC4C-B34BE95658FE}.Release|Any CPU.Build.0 = Release|Any CPU
		{6049A0F1-C41F-4196-BC4C-B34BE95658FE}.Release|x86.ActiveCfg = Release|Any CPU
		{63BBD8C9-0916-4563-BB05-BFC7359FF5B8}.Debug|Any CPU.ActiveCfg = Debug|Any CPU
		{63BBD8C9-0916-4563-BB05-BFC7359FF5B8}.Debug|Any CPU.Build.0 = Debug|Any CPU
		{63BBD8C9-0916-4563-BB05-BFC7359FF5B8}.Debug|x86.ActiveCfg = Debug|Any CPU
		{63BBD8C9-0916-4563-BB05-BFC7359FF5B8}.Release|Any CPU.ActiveCfg = Release|Any CPU
		{63BBD8C9-0916-4563-BB05-BFC7359FF5B8}.Release|Any CPU.Build.0 = Release|Any CPU
		{63BBD8C9-0916-4563-BB05-BFC7359FF5B8}.Release|x86.ActiveCfg = Release|Any CPU
		{A231C91C-A4D3-4BE7-BA4E-EE7DFB3D7EEF}.Debug|Any CPU.ActiveCfg = Debug|Any CPU
		{A231C91C-A4D3-4BE7-BA4E-EE7DFB3D7EEF}.Debug|Any CPU.Build.0 = Debug|Any CPU
		{A231C91C-A4D3-4BE7-BA4E-EE7DFB3D7EEF}.Debug|x86.ActiveCfg = Debug|Any CPU
		{A231C91C-A4D3-4BE7-BA4E-EE7DFB3D7EEF}.Release|Any CPU.ActiveCfg = Release|Any CPU
		{A231C91C-A4D3-4BE7-BA4E-EE7DFB3D7EEF}.Release|Any CPU.Build.0 = Release|Any CPU
		{A231C91C-A4D3-4BE7-BA4E-EE7DFB3D7EEF}.Release|x86.ActiveCfg = Release|Any CPU
		{3CAE34E4-7C14-4191-8662-CE30B947D440}.Debug|Any CPU.ActiveCfg = Debug|Any CPU
		{3CAE34E4-7C14-4191-8662-CE30B947D440}.Debug|Any CPU.Build.0 = Debug|Any CPU
		{3CAE34E4-7C14-4191-8662-CE30B947D440}.Debug|x86.ActiveCfg = Debug|Any CPU
		{3CAE34E4-7C14-4191-8662-CE30B947D440}.Release|Any CPU.ActiveCfg = Release|Any CPU
		{3CAE34E4-7C14-4191-8662-CE30B947D440}.Release|Any CPU.Build.0 = Release|Any CPU
		{3CAE34E4-7C14-4191-8662-CE30B947D440}.Release|x86.ActiveCfg = Release|Any CPU
		{B0968403-1F39-4128-B3F4-8D283D541071}.Debug|Any CPU.ActiveCfg = Debug|Any CPU
		{B0968403-1F39-4128-B3F4-8D283D541071}.Debug|Any CPU.Build.0 = Debug|Any CPU
		{B0968403-1F39-4128-B3F4-8D283D541071}.Debug|x86.ActiveCfg = Debug|Any CPU
		{B0968403-1F39-4128-B3F4-8D283D541071}.Release|Any CPU.ActiveCfg = Release|Any CPU
		{B0968403-1F39-4128-B3F4-8D283D541071}.Release|Any CPU.Build.0 = Release|Any CPU
		{B0968403-1F39-4128-B3F4-8D283D541071}.Release|x86.ActiveCfg = Release|Any CPU
		{905AA680-50A8-4267-9A7E-0BD1E45AAACA}.Debug|Any CPU.ActiveCfg = Debug|Any CPU
		{905AA680-50A8-4267-9A7E-0BD1E45AAACA}.Debug|Any CPU.Build.0 = Debug|Any CPU
		{905AA680-50A8-4267-9A7E-0BD1E45AAACA}.Debug|x86.ActiveCfg = Debug|Any CPU
		{905AA680-50A8-4267-9A7E-0BD1E45AAACA}.Release|Any CPU.ActiveCfg = Release|Any CPU
		{905AA680-50A8-4267-9A7E-0BD1E45AAACA}.Release|Any CPU.Build.0 = Release|Any CPU
		{905AA680-50A8-4267-9A7E-0BD1E45AAACA}.Release|x86.ActiveCfg = Release|Any CPU
		{5EE9ACB1-F25F-4A9D-AE79-517BE03E02D9}.Debug|Any CPU.ActiveCfg = Debug|Any CPU
		{5EE9ACB1-F25F-4A9D-AE79-517BE03E02D9}.Debug|Any CPU.Build.0 = Debug|Any CPU
		{5EE9ACB1-F25F-4A9D-AE79-517BE03E02D9}.Debug|x86.ActiveCfg = Debug|Any CPU
		{5EE9ACB1-F25F-4A9D-AE79-517BE03E02D9}.Release|Any CPU.ActiveCfg = Release|Any CPU
		{5EE9ACB1-F25F-4A9D-AE79-517BE03E02D9}.Release|Any CPU.Build.0 = Release|Any CPU
		{5EE9ACB1-F25F-4A9D-AE79-517BE03E02D9}.Release|x86.ActiveCfg = Release|Any CPU
		{22F1D5DE-172F-4BEA-8D4E-77B0C57A2A9C}.Debug|Any CPU.ActiveCfg = Debug|Any CPU
		{22F1D5DE-172F-4BEA-8D4E-77B0C57A2A9C}.Debug|Any CPU.Build.0 = Debug|Any CPU
		{22F1D5DE-172F-4BEA-8D4E-77B0C57A2A9C}.Debug|x86.ActiveCfg = Debug|Any CPU
		{22F1D5DE-172F-4BEA-8D4E-77B0C57A2A9C}.Release|Any CPU.ActiveCfg = Release|Any CPU
		{22F1D5DE-172F-4BEA-8D4E-77B0C57A2A9C}.Release|Any CPU.Build.0 = Release|Any CPU
		{22F1D5DE-172F-4BEA-8D4E-77B0C57A2A9C}.Release|x86.ActiveCfg = Release|Any CPU
	EndGlobalSection
	GlobalSection(SolutionProperties) = preSolution
		HideSolutionNode = FALSE
	EndGlobalSection
	GlobalSection(NestedProjects) = preSolution
		{6B9B4559-9FA7-431F-8E9D-51F9C8A5D314} = {B6EE79D2-9A85-47B1-8FAA-37F26295F81C}
		{E8895489-278B-4F26-816D-1915A99C69D8} = {B6EE79D2-9A85-47B1-8FAA-37F26295F81C}
		{FF16079B-FE5D-41CA-A195-5F956CCEC1C8} = {B6EE79D2-9A85-47B1-8FAA-37F26295F81C}
		{79FB165F-3816-4A5F-B5A1-B5A64BED0218} = {B6EE79D2-9A85-47B1-8FAA-37F26295F81C}
		{2C13863D-814F-4991-9139-519A437CEAAA} = {B6EE79D2-9A85-47B1-8FAA-37F26295F81C}
		{C2ED6073-C1DC-4D8D-A9EB-7B4DA130E4ED} = {B6EE79D2-9A85-47B1-8FAA-37F26295F81C}
		{8FBD60E2-7E77-41DB-BAC2-6883A4209EA3} = {6B9B4559-9FA7-431F-8E9D-51F9C8A5D314}
		{4465ED19-4084-4277-B0E1-4447A42990AB} = {6B9B4559-9FA7-431F-8E9D-51F9C8A5D314}
		{A231C91C-A4D3-4BE7-BA4E-EE7DFB3D7EEF} = {6B9B4559-9FA7-431F-8E9D-51F9C8A5D314}
		{B0968403-1F39-4128-B3F4-8D283D541071} = {6B9B4559-9FA7-431F-8E9D-51F9C8A5D314}
		{22F1D5DE-172F-4BEA-8D4E-77B0C57A2A9C} = {6B9B4559-9FA7-431F-8E9D-51F9C8A5D314}
		{8F4789D3-FE04-4B95-A20C-38F28AE900B8} = {E8895489-278B-4F26-816D-1915A99C69D8}
		{2C4999EC-85EC-49FB-8236-8CF74F71EC2F} = {E8895489-278B-4F26-816D-1915A99C69D8}
		{FFB141A2-45B1-47F9-8C81-52DF77FCAAE7} = {E8895489-278B-4F26-816D-1915A99C69D8}
		{C2E495A5-600D-4881-A1F7-2D8AB7E5367E} = {2C13863D-814F-4991-9139-519A437CEAAA}
		{B275A849-EBA7-45D8-ABAD-A336F38153D9} = {2C13863D-814F-4991-9139-519A437CEAAA}
		{637F7FE3-D594-4145-A24E-857AD97F326F} = {2C13863D-814F-4991-9139-519A437CEAAA}
		{905AA680-50A8-4267-9A7E-0BD1E45AAACA} = {C2ED6073-C1DC-4D8D-A9EB-7B4DA130E4ED}
		{5EE9ACB1-F25F-4A9D-AE79-517BE03E02D9} = {C2ED6073-C1DC-4D8D-A9EB-7B4DA130E4ED}
		{3CAE34E4-7C14-4191-8662-CE30B947D440} = {4465ED19-4084-4277-B0E1-4447A42990AB}
		{6049A0F1-C41F-4196-BC4C-B34BE95658FE} = {637F7FE3-D594-4145-A24E-857AD97F326F}
		{63BBD8C9-0916-4563-BB05-BFC7359FF5B8} = {637F7FE3-D594-4145-A24E-857AD97F326F}
		{819764C7-2185-4096-8677-66BEE2A1B788} = {FFB141A2-45B1-47F9-8C81-52DF77FCAAE7}
	EndGlobalSection
	GlobalSection(ExtensibilityGlobals) = postSolution
		EnterpriseLibraryConfigurationToolBinariesPath = packages\Unity.2.1.505.2\lib\NET35
		VisualSVNWorkingCopyRoot = .
	EndGlobalSection
EndGlobal
